// !$*UTF8*$!
{
	archiveVersion = 1;
	classes = {
	};
	objectVersion = 50;
	objects = {

/* Begin PBXBuildFile section */
		060923A321B198F300A73B66 /* GameTableViewCell.swift in Sources */ = {isa = PBXBuildFile; fileRef = 060923A221B198F300A73B66 /* GameTableViewCell.swift */; };
		0654C7E3219B80FE000CF770 /* AppDelegate.swift in Sources */ = {isa = PBXBuildFile; fileRef = 0654C7E2219B80FE000CF770 /* AppDelegate.swift */; };
		0654C7E8219B80FE000CF770 /* Main.storyboard in Resources */ = {isa = PBXBuildFile; fileRef = 0654C7E6219B80FE000CF770 /* Main.storyboard */; };
		0654C7EA219B80FF000CF770 /* Assets.xcassets in Resources */ = {isa = PBXBuildFile; fileRef = 0654C7E9219B80FF000CF770 /* Assets.xcassets */; };
		0654C7ED219B80FF000CF770 /* LaunchScreen.storyboard in Resources */ = {isa = PBXBuildFile; fileRef = 0654C7EB219B80FF000CF770 /* LaunchScreen.storyboard */; };
		478A8B2F21C95A31000D19D0 /* Game.swift in Sources */ = {isa = PBXBuildFile; fileRef = 478A8B2E21C95A31000D19D0 /* Game.swift */; };
		47C2217421D41AC500417483 /* GameTableViewController.swift in Sources */ = {isa = PBXBuildFile; fileRef = 47C2217321D41AC500417483 /* GameTableViewController.swift */; };
		47E8212721F63FAE001C6A6B /* SawtoothSigning.framework in Frameworks */ = {isa = PBXBuildFile; fileRef = 47E8212621F63FAE001C6A6B /* SawtoothSigning.framework */; };
		47E8212821F63FAE001C6A6B /* SawtoothSigning.framework in Embed Frameworks */ = {isa = PBXBuildFile; fileRef = 47E8212621F63FAE001C6A6B /* SawtoothSigning.framework */; settings = {ATTRIBUTES = (CodeSignOnCopy, RemoveHeadersOnCopy, ); }; };
		47E8212A21F63FCF001C6A6B /* secp256k1.framework in Frameworks */ = {isa = PBXBuildFile; fileRef = 47E8212921F63FCF001C6A6B /* secp256k1.framework */; };
		47E8212B21F63FCF001C6A6B /* secp256k1.framework in Embed Frameworks */ = {isa = PBXBuildFile; fileRef = 47E8212921F63FCF001C6A6B /* secp256k1.framework */; settings = {ATTRIBUTES = (CodeSignOnCopy, RemoveHeadersOnCopy, ); }; };
		E075DD3021C9596F0051C09C /* GameBoardViewController.swift in Sources */ = {isa = PBXBuildFile; fileRef = E075DD2F21C9596F0051C09C /* GameBoardViewController.swift */; };
		E0935EC9219F8F560029E2CC /* client_batch.pb.swift in Sources */ = {isa = PBXBuildFile; fileRef = E0935EB0219F8F520029E2CC /* client_batch.pb.swift */; };
		E0935ECA219F8F590029E2CC /* network.pb.swift in Sources */ = {isa = PBXBuildFile; fileRef = E0935EB1219F8F520029E2CC /* network.pb.swift */; };
		E0935ECB219F8F5C0029E2CC /* client_block.pb.swift in Sources */ = {isa = PBXBuildFile; fileRef = E0935EB2219F8F520029E2CC /* client_block.pb.swift */; };
		E0935ECC219F8F5F0029E2CC /* merkle.pb.swift in Sources */ = {isa = PBXBuildFile; fileRef = E0935EB3219F8F520029E2CC /* merkle.pb.swift */; };
		E0935ECD219F8F610029E2CC /* authorization.pb.swift in Sources */ = {isa = PBXBuildFile; fileRef = E0935EB4219F8F520029E2CC /* authorization.pb.swift */; };
		E0935ECE219F8F640029E2CC /* identity.pb.swift in Sources */ = {isa = PBXBuildFile; fileRef = E0935EB5219F8F520029E2CC /* identity.pb.swift */; };
		E0935ECF219F8F670029E2CC /* client_event.pb.swift in Sources */ = {isa = PBXBuildFile; fileRef = E0935EB6219F8F520029E2CC /* client_event.pb.swift */; };
		E0935ED0219F8F6B0029E2CC /* client_list_control.pb.swift in Sources */ = {isa = PBXBuildFile; fileRef = E0935EB7219F8F520029E2CC /* client_list_control.pb.swift */; };
		E0935ED1219F8F6E0029E2CC /* batch.pb.swift in Sources */ = {isa = PBXBuildFile; fileRef = E0935EB8219F8F520029E2CC /* batch.pb.swift */; };
		E0935ED2219F8F710029E2CC /* transaction_receipt.pb.swift in Sources */ = {isa = PBXBuildFile; fileRef = E0935EB9219F8F520029E2CC /* transaction_receipt.pb.swift */; };
		E0935ED3219F8F730029E2CC /* client_status.pb.swift in Sources */ = {isa = PBXBuildFile; fileRef = E0935EBA219F8F520029E2CC /* client_status.pb.swift */; };
		E0935ED4219F8F760029E2CC /* block.pb.swift in Sources */ = {isa = PBXBuildFile; fileRef = E0935EBB219F8F520029E2CC /* block.pb.swift */; };
		E0935ED5219F8F790029E2CC /* genesis.pb.swift in Sources */ = {isa = PBXBuildFile; fileRef = E0935EBC219F8F520029E2CC /* genesis.pb.swift */; };
		E0935ED6219F8F7B0029E2CC /* setting.pb.swift in Sources */ = {isa = PBXBuildFile; fileRef = E0935EBD219F8F520029E2CC /* setting.pb.swift */; };
		E0935ED7219F8F7E0029E2CC /* validator.pb.swift in Sources */ = {isa = PBXBuildFile; fileRef = E0935EBE219F8F520029E2CC /* validator.pb.swift */; };
		E0935ED8219F8F800029E2CC /* processor.pb.swift in Sources */ = {isa = PBXBuildFile; fileRef = E0935EBF219F8F520029E2CC /* processor.pb.swift */; };
		E0935ED9219F8F830029E2CC /* client_batch_submit.pb.swift in Sources */ = {isa = PBXBuildFile; fileRef = E0935EC0219F8F520029E2CC /* client_batch_submit.pb.swift */; };
		E0935EDA219F8F850029E2CC /* client_receipt.pb.swift in Sources */ = {isa = PBXBuildFile; fileRef = E0935EC1219F8F520029E2CC /* client_receipt.pb.swift */; };
		E0935EDB219F8F880029E2CC /* events.pb.swift in Sources */ = {isa = PBXBuildFile; fileRef = E0935EC2219F8F520029E2CC /* events.pb.swift */; };
		E0935EDC219F8F8B0029E2CC /* client_transaction.pb.swift in Sources */ = {isa = PBXBuildFile; fileRef = E0935EC3219F8F520029E2CC /* client_transaction.pb.swift */; };
		E0935EDD219F8F8D0029E2CC /* state_context.pb.swift in Sources */ = {isa = PBXBuildFile; fileRef = E0935EC4219F8F520029E2CC /* state_context.pb.swift */; };
		E0935EDE219F8F900029E2CC /* transaction.pb.swift in Sources */ = {isa = PBXBuildFile; fileRef = E0935EC5219F8F520029E2CC /* transaction.pb.swift */; };
		E0935EDF219F8F920029E2CC /* consensus.pb.swift in Sources */ = {isa = PBXBuildFile; fileRef = E0935EC6219F8F520029E2CC /* consensus.pb.swift */; };
		E0935EE0219F8F950029E2CC /* client_peers.pb.swift in Sources */ = {isa = PBXBuildFile; fileRef = E0935EC7219F8F520029E2CC /* client_peers.pb.swift */; };
		E0935EE1219F8F980029E2CC /* client_state.pb.swift in Sources */ = {isa = PBXBuildFile; fileRef = E0935EC8219F8F520029E2CC /* client_state.pb.swift */; };
		E0935EE221A1DA840029E2CC /* ViewController.swift in Sources */ = {isa = PBXBuildFile; fileRef = 0654C7E4219B80FE000CF770 /* ViewController.swift */; };
		E0A28B15219E08AC00621997 /* SwiftProtobuf.framework in Frameworks */ = {isa = PBXBuildFile; fileRef = E0A28B14219E08AC00621997 /* SwiftProtobuf.framework */; };
		E0AB75A821AF4619006C5CBE /* Settings.bundle in Resources */ = {isa = PBXBuildFile; fileRef = E0AB75A721AF4619006C5CBE /* Settings.bundle */; };
		E0D64A9221A8DAA800A5E81C /* CreateGameViewController.swift in Sources */ = {isa = PBXBuildFile; fileRef = E0D64A9121A8DAA800A5E81C /* CreateGameViewController.swift */; };
		E0D89A5F21A5AFD700623CDA /* XORequestHandler.swift in Sources */ = {isa = PBXBuildFile; fileRef = E0D89A5E21A5AFD700623CDA /* XORequestHandler.swift */; };
		E0D89A6121A5B2E900623CDA /* XOApi.swift in Sources */ = {isa = PBXBuildFile; fileRef = E0D89A6021A5B2E900623CDA /* XOApi.swift */; };
/* End PBXBuildFile section */

/* Begin PBXCopyFilesBuildPhase section */
		E0D645D721AD9CD300F14B2C /* Embed Frameworks */ = {
			isa = PBXCopyFilesBuildPhase;
			buildActionMask = 2147483647;
			dstPath = "";
			dstSubfolderSpec = 10;
			files = (
				47E8212821F63FAE001C6A6B /* SawtoothSigning.framework in Embed Frameworks */,
				47E8212B21F63FCF001C6A6B /* secp256k1.framework in Embed Frameworks */,
			);
			name = "Embed Frameworks";
			runOnlyForDeploymentPostprocessing = 0;
		};
/* End PBXCopyFilesBuildPhase section */

/* Begin PBXFileReference section */
		060923A221B198F300A73B66 /* GameTableViewCell.swift */ = {isa = PBXFileReference; lastKnownFileType = sourcecode.swift; path = GameTableViewCell.swift; sourceTree = "<group>"; };
		0654C7DF219B80FE000CF770 /* xo_ios.app */ = {isa = PBXFileReference; explicitFileType = wrapper.application; includeInIndex = 0; path = xo_ios.app; sourceTree = BUILT_PRODUCTS_DIR; };
		0654C7E2219B80FE000CF770 /* AppDelegate.swift */ = {isa = PBXFileReference; lastKnownFileType = sourcecode.swift; path = AppDelegate.swift; sourceTree = "<group>"; };
		0654C7E4219B80FE000CF770 /* ViewController.swift */ = {isa = PBXFileReference; lastKnownFileType = sourcecode.swift; path = ViewController.swift; sourceTree = "<group>"; };
		0654C7E7219B80FE000CF770 /* Base */ = {isa = PBXFileReference; lastKnownFileType = file.storyboard; name = Base; path = Base.lproj/Main.storyboard; sourceTree = "<group>"; };
		0654C7E9219B80FF000CF770 /* Assets.xcassets */ = {isa = PBXFileReference; lastKnownFileType = folder.assetcatalog; path = Assets.xcassets; sourceTree = "<group>"; };
		0654C7EC219B80FF000CF770 /* Base */ = {isa = PBXFileReference; lastKnownFileType = file.storyboard; name = Base; path = Base.lproj/LaunchScreen.storyboard; sourceTree = "<group>"; };
		0654C7EE219B80FF000CF770 /* Info.plist */ = {isa = PBXFileReference; lastKnownFileType = text.plist.xml; path = Info.plist; sourceTree = "<group>"; };
		478A8B2E21C95A31000D19D0 /* Game.swift */ = {isa = PBXFileReference; lastKnownFileType = sourcecode.swift; path = Game.swift; sourceTree = "<group>"; };
		47C2217321D41AC500417483 /* GameTableViewController.swift */ = {isa = PBXFileReference; lastKnownFileType = sourcecode.swift; path = GameTableViewController.swift; sourceTree = "<group>"; };
		47E8212621F63FAE001C6A6B /* SawtoothSigning.framework */ = {isa = PBXFileReference; lastKnownFileType = wrapper.framework; name = SawtoothSigning.framework; path = Carthage/Build/iOS/SawtoothSigning.framework; sourceTree = "<group>"; };
		47E8212921F63FCF001C6A6B /* secp256k1.framework */ = {isa = PBXFileReference; lastKnownFileType = wrapper.framework; name = secp256k1.framework; path = Carthage/Build/iOS/secp256k1.framework; sourceTree = "<group>"; };
		E075DD2F21C9596F0051C09C /* GameBoardViewController.swift */ = {isa = PBXFileReference; lastKnownFileType = sourcecode.swift; path = GameBoardViewController.swift; sourceTree = "<group>"; };
		E0935EB0219F8F520029E2CC /* client_batch.pb.swift */ = {isa = PBXFileReference; lastKnownFileType = sourcecode.swift; path = client_batch.pb.swift; sourceTree = "<group>"; };
		E0935EB1219F8F520029E2CC /* network.pb.swift */ = {isa = PBXFileReference; lastKnownFileType = sourcecode.swift; path = network.pb.swift; sourceTree = "<group>"; };
		E0935EB2219F8F520029E2CC /* client_block.pb.swift */ = {isa = PBXFileReference; lastKnownFileType = sourcecode.swift; path = client_block.pb.swift; sourceTree = "<group>"; };
		E0935EB3219F8F520029E2CC /* merkle.pb.swift */ = {isa = PBXFileReference; lastKnownFileType = sourcecode.swift; path = merkle.pb.swift; sourceTree = "<group>"; };
		E0935EB4219F8F520029E2CC /* authorization.pb.swift */ = {isa = PBXFileReference; lastKnownFileType = sourcecode.swift; path = authorization.pb.swift; sourceTree = "<group>"; };
		E0935EB5219F8F520029E2CC /* identity.pb.swift */ = {isa = PBXFileReference; lastKnownFileType = sourcecode.swift; path = identity.pb.swift; sourceTree = "<group>"; };
		E0935EB6219F8F520029E2CC /* client_event.pb.swift */ = {isa = PBXFileReference; lastKnownFileType = sourcecode.swift; path = client_event.pb.swift; sourceTree = "<group>"; };
		E0935EB7219F8F520029E2CC /* client_list_control.pb.swift */ = {isa = PBXFileReference; lastKnownFileType = sourcecode.swift; path = client_list_control.pb.swift; sourceTree = "<group>"; };
		E0935EB8219F8F520029E2CC /* batch.pb.swift */ = {isa = PBXFileReference; lastKnownFileType = sourcecode.swift; path = batch.pb.swift; sourceTree = "<group>"; };
		E0935EB9219F8F520029E2CC /* transaction_receipt.pb.swift */ = {isa = PBXFileReference; lastKnownFileType = sourcecode.swift; path = transaction_receipt.pb.swift; sourceTree = "<group>"; };
		E0935EBA219F8F520029E2CC /* client_status.pb.swift */ = {isa = PBXFileReference; lastKnownFileType = sourcecode.swift; path = client_status.pb.swift; sourceTree = "<group>"; };
		E0935EBB219F8F520029E2CC /* block.pb.swift */ = {isa = PBXFileReference; lastKnownFileType = sourcecode.swift; path = block.pb.swift; sourceTree = "<group>"; };
		E0935EBC219F8F520029E2CC /* genesis.pb.swift */ = {isa = PBXFileReference; lastKnownFileType = sourcecode.swift; path = genesis.pb.swift; sourceTree = "<group>"; };
		E0935EBD219F8F520029E2CC /* setting.pb.swift */ = {isa = PBXFileReference; lastKnownFileType = sourcecode.swift; path = setting.pb.swift; sourceTree = "<group>"; };
		E0935EBE219F8F520029E2CC /* validator.pb.swift */ = {isa = PBXFileReference; lastKnownFileType = sourcecode.swift; path = validator.pb.swift; sourceTree = "<group>"; };
		E0935EBF219F8F520029E2CC /* processor.pb.swift */ = {isa = PBXFileReference; lastKnownFileType = sourcecode.swift; path = processor.pb.swift; sourceTree = "<group>"; };
		E0935EC0219F8F520029E2CC /* client_batch_submit.pb.swift */ = {isa = PBXFileReference; lastKnownFileType = sourcecode.swift; path = client_batch_submit.pb.swift; sourceTree = "<group>"; };
		E0935EC1219F8F520029E2CC /* client_receipt.pb.swift */ = {isa = PBXFileReference; lastKnownFileType = sourcecode.swift; path = client_receipt.pb.swift; sourceTree = "<group>"; };
		E0935EC2219F8F520029E2CC /* events.pb.swift */ = {isa = PBXFileReference; lastKnownFileType = sourcecode.swift; path = events.pb.swift; sourceTree = "<group>"; };
		E0935EC3219F8F520029E2CC /* client_transaction.pb.swift */ = {isa = PBXFileReference; lastKnownFileType = sourcecode.swift; path = client_transaction.pb.swift; sourceTree = "<group>"; };
		E0935EC4219F8F520029E2CC /* state_context.pb.swift */ = {isa = PBXFileReference; lastKnownFileType = sourcecode.swift; path = state_context.pb.swift; sourceTree = "<group>"; };
		E0935EC5219F8F520029E2CC /* transaction.pb.swift */ = {isa = PBXFileReference; lastKnownFileType = sourcecode.swift; path = transaction.pb.swift; sourceTree = "<group>"; };
		E0935EC6219F8F520029E2CC /* consensus.pb.swift */ = {isa = PBXFileReference; lastKnownFileType = sourcecode.swift; path = consensus.pb.swift; sourceTree = "<group>"; };
		E0935EC7219F8F520029E2CC /* client_peers.pb.swift */ = {isa = PBXFileReference; lastKnownFileType = sourcecode.swift; path = client_peers.pb.swift; sourceTree = "<group>"; };
		E0935EC8219F8F520029E2CC /* client_state.pb.swift */ = {isa = PBXFileReference; lastKnownFileType = sourcecode.swift; path = client_state.pb.swift; sourceTree = "<group>"; };
		E0A28B14219E08AC00621997 /* SwiftProtobuf.framework */ = {isa = PBXFileReference; lastKnownFileType = wrapper.framework; name = SwiftProtobuf.framework; path = Carthage/Build/iOS/SwiftProtobuf.framework; sourceTree = "<group>"; };
		E0AB75A721AF4619006C5CBE /* Settings.bundle */ = {isa = PBXFileReference; lastKnownFileType = "wrapper.plug-in"; path = Settings.bundle; sourceTree = "<group>"; };
		E0D645D421AD9CD300F14B2C /* SawtoothSigning.framework */ = {isa = PBXFileReference; lastKnownFileType = wrapper.framework; path = SawtoothSigning.framework; sourceTree = "<group>"; };
		E0D64A9121A8DAA800A5E81C /* CreateGameViewController.swift */ = {isa = PBXFileReference; lastKnownFileType = sourcecode.swift; path = CreateGameViewController.swift; sourceTree = "<group>"; };
		E0D89A5E21A5AFD700623CDA /* XORequestHandler.swift */ = {isa = PBXFileReference; lastKnownFileType = sourcecode.swift; path = XORequestHandler.swift; sourceTree = "<group>"; };
		E0D89A6021A5B2E900623CDA /* XOApi.swift */ = {isa = PBXFileReference; lastKnownFileType = sourcecode.swift; path = XOApi.swift; sourceTree = "<group>"; };
/* End PBXFileReference section */

/* Begin PBXFrameworksBuildPhase section */
		0654C7DC219B80FE000CF770 /* Frameworks */ = {
			isa = PBXFrameworksBuildPhase;
			buildActionMask = 2147483647;
			files = (
				E0A28B15219E08AC00621997 /* SwiftProtobuf.framework in Frameworks */,
				47E8212A21F63FCF001C6A6B /* secp256k1.framework in Frameworks */,
				47E8212721F63FAE001C6A6B /* SawtoothSigning.framework in Frameworks */,
			);
			runOnlyForDeploymentPostprocessing = 0;
		};
/* End PBXFrameworksBuildPhase section */

/* Begin PBXGroup section */
		0654C7D6219B80FE000CF770 = {
			isa = PBXGroup;
			children = (
				47E8212921F63FCF001C6A6B /* secp256k1.framework */,
				47E8212621F63FAE001C6A6B /* SawtoothSigning.framework */,
				E0935EAF219F8F520029E2CC /* proto */,
				0654C7E1219B80FE000CF770 /* xo_ios */,
				0654C7E0219B80FE000CF770 /* Products */,
				E0A28B13219E08AC00621997 /* Frameworks */,
			);
			sourceTree = "<group>";
		};
		0654C7E0219B80FE000CF770 /* Products */ = {
			isa = PBXGroup;
			children = (
				0654C7DF219B80FE000CF770 /* xo_ios.app */,
			);
			name = Products;
			sourceTree = "<group>";
		};
		0654C7E1219B80FE000CF770 /* xo_ios */ = {
			isa = PBXGroup;
			children = (
				060923A221B198F300A73B66 /* GameTableViewCell.swift */,
				0654C7E2219B80FE000CF770 /* AppDelegate.swift */,
				0654C7E4219B80FE000CF770 /* ViewController.swift */,
				0654C7E6219B80FE000CF770 /* Main.storyboard */,
				E075DD2F21C9596F0051C09C /* GameBoardViewController.swift */,
				E0D64A9121A8DAA800A5E81C /* CreateGameViewController.swift */,
				E0AB75A721AF4619006C5CBE /* Settings.bundle */,
				0654C7E9219B80FF000CF770 /* Assets.xcassets */,
				0654C7EB219B80FF000CF770 /* LaunchScreen.storyboard */,
				E0D89A5E21A5AFD700623CDA /* XORequestHandler.swift */,
				E0D89A6021A5B2E900623CDA /* XOApi.swift */,
				0654C7EE219B80FF000CF770 /* Info.plist */,
				478A8B2E21C95A31000D19D0 /* Game.swift */,
				47C2217321D41AC500417483 /* GameTableViewController.swift */,
			);
			path = xo_ios;
			sourceTree = "<group>";
		};
		E0935EAF219F8F520029E2CC /* proto */ = {
			isa = PBXGroup;
			children = (
				E0935EB0219F8F520029E2CC /* client_batch.pb.swift */,
				E0935EB1219F8F520029E2CC /* network.pb.swift */,
				E0935EB2219F8F520029E2CC /* client_block.pb.swift */,
				E0935EB3219F8F520029E2CC /* merkle.pb.swift */,
				E0935EB4219F8F520029E2CC /* authorization.pb.swift */,
				E0935EB5219F8F520029E2CC /* identity.pb.swift */,
				E0935EB6219F8F520029E2CC /* client_event.pb.swift */,
				E0935EB7219F8F520029E2CC /* client_list_control.pb.swift */,
				E0935EB8219F8F520029E2CC /* batch.pb.swift */,
				E0935EB9219F8F520029E2CC /* transaction_receipt.pb.swift */,
				E0935EBA219F8F520029E2CC /* client_status.pb.swift */,
				E0935EBB219F8F520029E2CC /* block.pb.swift */,
				E0935EBC219F8F520029E2CC /* genesis.pb.swift */,
				E0935EBD219F8F520029E2CC /* setting.pb.swift */,
				E0935EBE219F8F520029E2CC /* validator.pb.swift */,
				E0935EBF219F8F520029E2CC /* processor.pb.swift */,
				E0935EC0219F8F520029E2CC /* client_batch_submit.pb.swift */,
				E0935EC1219F8F520029E2CC /* client_receipt.pb.swift */,
				E0935EC2219F8F520029E2CC /* events.pb.swift */,
				E0935EC3219F8F520029E2CC /* client_transaction.pb.swift */,
				E0935EC4219F8F520029E2CC /* state_context.pb.swift */,
				E0935EC5219F8F520029E2CC /* transaction.pb.swift */,
				E0935EC6219F8F520029E2CC /* consensus.pb.swift */,
				E0935EC7219F8F520029E2CC /* client_peers.pb.swift */,
				E0935EC8219F8F520029E2CC /* client_state.pb.swift */,
			);
			name = proto;
			path = xo_ios/proto;
			sourceTree = "<group>";
		};
		E0A28B13219E08AC00621997 /* Frameworks */ = {
			isa = PBXGroup;
			children = (
				E0D645D421AD9CD300F14B2C /* SawtoothSigning.framework */,
				E0A28B14219E08AC00621997 /* SwiftProtobuf.framework */,
			);
			name = Frameworks;
			sourceTree = "<group>";
		};
/* End PBXGroup section */

/* Begin PBXNativeTarget section */
		0654C7DE219B80FE000CF770 /* xo_ios */ = {
			isa = PBXNativeTarget;
			buildConfigurationList = 0654C7F1219B80FF000CF770 /* Build configuration list for PBXNativeTarget "xo_ios" */;
			buildPhases = (
				06BA02A121ADFE600046103B /* ShellScript */,
				0654C7DB219B80FE000CF770 /* Sources */,
				E0A28B11219DF8B200621997 /* ShellScript */,
				0654C7DC219B80FE000CF770 /* Frameworks */,
				0654C7DD219B80FE000CF770 /* Resources */,
				E0D645D721AD9CD300F14B2C /* Embed Frameworks */,
			);
			buildRules = (
			);
			dependencies = (
			);
			name = xo_ios;
			productName = xo_ios;
			productReference = 0654C7DF219B80FE000CF770 /* xo_ios.app */;
			productType = "com.apple.product-type.application";
		};
/* End PBXNativeTarget section */

/* Begin PBXProject section */
		0654C7D7219B80FE000CF770 /* Project object */ = {
			isa = PBXProject;
			attributes = {
				LastSwiftUpdateCheck = 1010;
				LastUpgradeCheck = 1010;
				ORGANIZATIONNAME = "Bitwise IO";
				TargetAttributes = {
					0654C7DE219B80FE000CF770 = {
						CreatedOnToolsVersion = 10.1;
					};
				};
			};
			buildConfigurationList = 0654C7DA219B80FE000CF770 /* Build configuration list for PBXProject "xo_ios" */;
			compatibilityVersion = "Xcode 9.3";
			developmentRegion = en;
			hasScannedForEncodings = 0;
			knownRegions = (
				en,
				Base,
			);
			mainGroup = 0654C7D6219B80FE000CF770;
			productRefGroup = 0654C7E0219B80FE000CF770 /* Products */;
			projectDirPath = "";
			projectRoot = "";
			targets = (
				0654C7DE219B80FE000CF770 /* xo_ios */,
			);
		};
/* End PBXProject section */

/* Begin PBXResourcesBuildPhase section */
		0654C7DD219B80FE000CF770 /* Resources */ = {
			isa = PBXResourcesBuildPhase;
			buildActionMask = 2147483647;
			files = (
				E0AB75A821AF4619006C5CBE /* Settings.bundle in Resources */,
				0654C7ED219B80FF000CF770 /* LaunchScreen.storyboard in Resources */,
				0654C7EA219B80FF000CF770 /* Assets.xcassets in Resources */,
				0654C7E8219B80FE000CF770 /* Main.storyboard in Resources */,
			);
			runOnlyForDeploymentPostprocessing = 0;
		};
/* End PBXResourcesBuildPhase section */

/* Begin PBXShellScriptBuildPhase section */
		06BA02A121ADFE600046103B /* ShellScript */ = {
			isa = PBXShellScriptBuildPhase;
			buildActionMask = 2147483647;
			files = (
			);
			inputFileListPaths = (
			);
			inputPaths = (
			);
			outputFileListPaths = (
			);
			outputPaths = (
			);
			runOnlyForDeploymentPostprocessing = 0;
			shellPath = /bin/sh;
			shellScript = "if which swiftlint >/dev/null; then\n    swiftlint\nelse\n    echo \"warning: SwiftLint not installed, download from https://github.com/realm/SwiftLint\"\nfi\n";
		};
		E0A28B11219DF8B200621997 /* ShellScript */ = {
			isa = PBXShellScriptBuildPhase;
			buildActionMask = 12;
			files = (
			);
			inputFileListPaths = (
			);
			inputPaths = (
				"$(SRCROOT)/Carthage/Build/iOS/SwiftProtobuf.framework",
			);
			outputFileListPaths = (
			);
			outputPaths = (
			);
			runOnlyForDeploymentPostprocessing = 0;
			shellPath = /bin/sh;
			shellScript = "/usr/local/bin/carthage copy-frameworks\n";
		};
/* End PBXShellScriptBuildPhase section */

/* Begin PBXSourcesBuildPhase section */
		0654C7DB219B80FE000CF770 /* Sources */ = {
			isa = PBXSourcesBuildPhase;
			buildActionMask = 2147483647;
			files = (
				E0935EDD219F8F8D0029E2CC /* state_context.pb.swift in Sources */,
				E0935ECF219F8F670029E2CC /* client_event.pb.swift in Sources */,
				060923A321B198F300A73B66 /* GameTableViewCell.swift in Sources */,
				E0935ED9219F8F830029E2CC /* client_batch_submit.pb.swift in Sources */,
				E0935ECA219F8F590029E2CC /* network.pb.swift in Sources */,
				E0935EDA219F8F850029E2CC /* client_receipt.pb.swift in Sources */,
				E0935ED3219F8F730029E2CC /* client_status.pb.swift in Sources */,
				E0935ED4219F8F760029E2CC /* block.pb.swift in Sources */,
				E0935ED8219F8F800029E2CC /* processor.pb.swift in Sources */,
				E0935EDC219F8F8B0029E2CC /* client_transaction.pb.swift in Sources */,
				E0935ED0219F8F6B0029E2CC /* client_list_control.pb.swift in Sources */,
				E0935ED2219F8F710029E2CC /* transaction_receipt.pb.swift in Sources */,
				E0935ECC219F8F5F0029E2CC /* merkle.pb.swift in Sources */,
				E0935EDB219F8F880029E2CC /* events.pb.swift in Sources */,
				E075DD3021C9596F0051C09C /* GameBoardViewController.swift in Sources */,
				E0935EDF219F8F920029E2CC /* consensus.pb.swift in Sources */,
				E0935ED7219F8F7E0029E2CC /* validator.pb.swift in Sources */,
				E0D89A5F21A5AFD700623CDA /* XORequestHandler.swift in Sources */,
				E0935ECB219F8F5C0029E2CC /* client_block.pb.swift in Sources */,
				E0935EE1219F8F980029E2CC /* client_state.pb.swift in Sources */,
				E0935ED6219F8F7B0029E2CC /* setting.pb.swift in Sources */,
				E0935ED1219F8F6E0029E2CC /* batch.pb.swift in Sources */,
				E0935EE0219F8F950029E2CC /* client_peers.pb.swift in Sources */,
				E0935ECD219F8F610029E2CC /* authorization.pb.swift in Sources */,
				478A8B2F21C95A31000D19D0 /* Game.swift in Sources */,
				E0935EC9219F8F560029E2CC /* client_batch.pb.swift in Sources */,
				E0935ECE219F8F640029E2CC /* identity.pb.swift in Sources */,
				E0D64A9221A8DAA800A5E81C /* CreateGameViewController.swift in Sources */,
				E0935EDE219F8F900029E2CC /* transaction.pb.swift in Sources */,
				47C2217421D41AC500417483 /* GameTableViewController.swift in Sources */,
				E0935ED5219F8F790029E2CC /* genesis.pb.swift in Sources */,
				0654C7E3219B80FE000CF770 /* AppDelegate.swift in Sources */,
				E0D89A6121A5B2E900623CDA /* XOApi.swift in Sources */,
				E0935EE221A1DA840029E2CC /* ViewController.swift in Sources */,
			);
			runOnlyForDeploymentPostprocessing = 0;
		};
/* End PBXSourcesBuildPhase section */

/* Begin PBXVariantGroup section */
		0654C7E6219B80FE000CF770 /* Main.storyboard */ = {
			isa = PBXVariantGroup;
			children = (
				0654C7E7219B80FE000CF770 /* Base */,
			);
			name = Main.storyboard;
			sourceTree = "<group>";
		};
		0654C7EB219B80FF000CF770 /* LaunchScreen.storyboard */ = {
			isa = PBXVariantGroup;
			children = (
				0654C7EC219B80FF000CF770 /* Base */,
			);
			name = LaunchScreen.storyboard;
			sourceTree = "<group>";
		};
/* End PBXVariantGroup section */

/* Begin XCBuildConfiguration section */
		0654C7EF219B80FF000CF770 /* Debug */ = {
			isa = XCBuildConfiguration;
			buildSettings = {
				ALWAYS_SEARCH_USER_PATHS = NO;
				CLANG_ANALYZER_NONNULL = YES;
				CLANG_ANALYZER_NUMBER_OBJECT_CONVERSION = YES_AGGRESSIVE;
				CLANG_CXX_LANGUAGE_STANDARD = "gnu++14";
				CLANG_CXX_LIBRARY = "libc++";
				CLANG_ENABLE_MODULES = YES;
				CLANG_ENABLE_OBJC_ARC = YES;
				CLANG_ENABLE_OBJC_WEAK = YES;
				CLANG_WARN_BLOCK_CAPTURE_AUTORELEASING = YES;
				CLANG_WARN_BOOL_CONVERSION = YES;
				CLANG_WARN_COMMA = YES;
				CLANG_WARN_CONSTANT_CONVERSION = YES;
				CLANG_WARN_DEPRECATED_OBJC_IMPLEMENTATIONS = YES;
				CLANG_WARN_DIRECT_OBJC_ISA_USAGE = YES_ERROR;
				CLANG_WARN_DOCUMENTATION_COMMENTS = YES;
				CLANG_WARN_EMPTY_BODY = YES;
				CLANG_WARN_ENUM_CONVERSION = YES;
				CLANG_WARN_INFINITE_RECURSION = YES;
				CLANG_WARN_INT_CONVERSION = YES;
				CLANG_WARN_NON_LITERAL_NULL_CONVERSION = YES;
				CLANG_WARN_OBJC_IMPLICIT_RETAIN_SELF = YES;
				CLANG_WARN_OBJC_LITERAL_CONVERSION = YES;
				CLANG_WARN_OBJC_ROOT_CLASS = YES_ERROR;
				CLANG_WARN_RANGE_LOOP_ANALYSIS = YES;
				CLANG_WARN_STRICT_PROTOTYPES = YES;
				CLANG_WARN_SUSPICIOUS_MOVE = YES;
				CLANG_WARN_UNGUARDED_AVAILABILITY = YES_AGGRESSIVE;
				CLANG_WARN_UNREACHABLE_CODE = YES;
				CLANG_WARN__DUPLICATE_METHOD_MATCH = YES;
				CODE_SIGN_IDENTITY = "iPhone Developer";
				COPY_PHASE_STRIP = NO;
				DEBUG_INFORMATION_FORMAT = dwarf;
				ENABLE_STRICT_OBJC_MSGSEND = YES;
				ENABLE_TESTABILITY = YES;
				GCC_C_LANGUAGE_STANDARD = gnu11;
				GCC_DYNAMIC_NO_PIC = NO;
				GCC_NO_COMMON_BLOCKS = YES;
				GCC_OPTIMIZATION_LEVEL = 0;
				GCC_PREPROCESSOR_DEFINITIONS = (
					"DEBUG=1",
					"$(inherited)",
				);
				GCC_WARN_64_TO_32_BIT_CONVERSION = YES;
				GCC_WARN_ABOUT_RETURN_TYPE = YES_ERROR;
				GCC_WARN_UNDECLARED_SELECTOR = YES;
				GCC_WARN_UNINITIALIZED_AUTOS = YES_AGGRESSIVE;
				GCC_WARN_UNUSED_FUNCTION = YES;
				GCC_WARN_UNUSED_VARIABLE = YES;
				IPHONEOS_DEPLOYMENT_TARGET = 12.1;
				MTL_ENABLE_DEBUG_INFO = INCLUDE_SOURCE;
				MTL_FAST_MATH = YES;
				ONLY_ACTIVE_ARCH = YES;
				SDKROOT = iphoneos;
				SWIFT_ACTIVE_COMPILATION_CONDITIONS = DEBUG;
				SWIFT_OPTIMIZATION_LEVEL = "-Onone";
			};
			name = Debug;
		};
		0654C7F0219B80FF000CF770 /* Release */ = {
			isa = XCBuildConfiguration;
			buildSettings = {
				ALWAYS_SEARCH_USER_PATHS = NO;
				CLANG_ANALYZER_NONNULL = YES;
				CLANG_ANALYZER_NUMBER_OBJECT_CONVERSION = YES_AGGRESSIVE;
				CLANG_CXX_LANGUAGE_STANDARD = "gnu++14";
				CLANG_CXX_LIBRARY = "libc++";
				CLANG_ENABLE_MODULES = YES;
				CLANG_ENABLE_OBJC_ARC = YES;
				CLANG_ENABLE_OBJC_WEAK = YES;
				CLANG_WARN_BLOCK_CAPTURE_AUTORELEASING = YES;
				CLANG_WARN_BOOL_CONVERSION = YES;
				CLANG_WARN_COMMA = YES;
				CLANG_WARN_CONSTANT_CONVERSION = YES;
				CLANG_WARN_DEPRECATED_OBJC_IMPLEMENTATIONS = YES;
				CLANG_WARN_DIRECT_OBJC_ISA_USAGE = YES_ERROR;
				CLANG_WARN_DOCUMENTATION_COMMENTS = YES;
				CLANG_WARN_EMPTY_BODY = YES;
				CLANG_WARN_ENUM_CONVERSION = YES;
				CLANG_WARN_INFINITE_RECURSION = YES;
				CLANG_WARN_INT_CONVERSION = YES;
				CLANG_WARN_NON_LITERAL_NULL_CONVERSION = YES;
				CLANG_WARN_OBJC_IMPLICIT_RETAIN_SELF = YES;
				CLANG_WARN_OBJC_LITERAL_CONVERSION = YES;
				CLANG_WARN_OBJC_ROOT_CLASS = YES_ERROR;
				CLANG_WARN_RANGE_LOOP_ANALYSIS = YES;
				CLANG_WARN_STRICT_PROTOTYPES = YES;
				CLANG_WARN_SUSPICIOUS_MOVE = YES;
				CLANG_WARN_UNGUARDED_AVAILABILITY = YES_AGGRESSIVE;
				CLANG_WARN_UNREACHABLE_CODE = YES;
				CLANG_WARN__DUPLICATE_METHOD_MATCH = YES;
				CODE_SIGN_IDENTITY = "iPhone Developer";
				COPY_PHASE_STRIP = NO;
				DEBUG_INFORMATION_FORMAT = "dwarf-with-dsym";
				ENABLE_NS_ASSERTIONS = NO;
				ENABLE_STRICT_OBJC_MSGSEND = YES;
				GCC_C_LANGUAGE_STANDARD = gnu11;
				GCC_NO_COMMON_BLOCKS = YES;
				GCC_WARN_64_TO_32_BIT_CONVERSION = YES;
				GCC_WARN_ABOUT_RETURN_TYPE = YES_ERROR;
				GCC_WARN_UNDECLARED_SELECTOR = YES;
				GCC_WARN_UNINITIALIZED_AUTOS = YES_AGGRESSIVE;
				GCC_WARN_UNUSED_FUNCTION = YES;
				GCC_WARN_UNUSED_VARIABLE = YES;
				IPHONEOS_DEPLOYMENT_TARGET = 12.1;
				MTL_ENABLE_DEBUG_INFO = NO;
				MTL_FAST_MATH = YES;
				SDKROOT = iphoneos;
				SWIFT_COMPILATION_MODE = wholemodule;
				SWIFT_OPTIMIZATION_LEVEL = "-O";
				VALIDATE_PRODUCT = YES;
			};
			name = Release;
		};
		0654C7F2219B80FF000CF770 /* Debug */ = {
			isa = XCBuildConfiguration;
			buildSettings = {
				ASSETCATALOG_COMPILER_APPICON_NAME = AppIcon;
				CODE_SIGN_STYLE = Automatic;
				DEVELOPMENT_TEAM = 7479JV98V5;
				FRAMEWORK_SEARCH_PATHS = (
					"$(inherited)",
					"$(PROJECT_DIR)/Carthage/Build/iOS",
					"$(PROJECT_DIR)",
				);
				INFOPLIST_FILE = xo_ios/Info.plist;
				IPHONEOS_DEPLOYMENT_TARGET = 9.3;
				LD_RUNPATH_SEARCH_PATHS = (
					"$(inherited)",
					"@executable_path/Frameworks",
				);
				PRODUCT_BUNDLE_IDENTIFIER = "eloafran.xo-ios";
				PRODUCT_NAME = "$(TARGET_NAME)";
				SWIFT_VERSION = 4.2;
				TARGETED_DEVICE_FAMILY = "1,2";
			};
			name = Debug;
		};
		0654C7F3219B80FF000CF770 /* Release */ = {
			isa = XCBuildConfiguration;
			buildSettings = {
				ASSETCATALOG_COMPILER_APPICON_NAME = AppIcon;
				CODE_SIGN_STYLE = Automatic;
				DEVELOPMENT_TEAM = 7479JV98V5;
				FRAMEWORK_SEARCH_PATHS = (
					"$(inherited)",
					"$(PROJECT_DIR)/Carthage/Build/iOS",
					"$(PROJECT_DIR)",
				);
				INFOPLIST_FILE = xo_ios/Info.plist;
				IPHONEOS_DEPLOYMENT_TARGET = 9.3;
				LD_RUNPATH_SEARCH_PATHS = (
					"$(inherited)",
					"@executable_path/Frameworks",
				);
				"LIBRARY_SEARCH_PATHS[arch=*]" = proto;
				PRODUCT_BUNDLE_IDENTIFIER = "eloafran.xo-ios";
				PRODUCT_NAME = "$(TARGET_NAME)";
				SWIFT_VERSION = 4.2;
				TARGETED_DEVICE_FAMILY = "1,2";
			};
			name = Release;
		};
/* End XCBuildConfiguration section */

/* Begin XCConfigurationList section */
		0654C7DA219B80FE000CF770 /* Build configuration list for PBXProject "xo_ios" */ = {
			isa = XCConfigurationList;
			buildConfigurations = (
				0654C7EF219B80FF000CF770 /* Debug */,
				0654C7F0219B80FF000CF770 /* Release */,
			);
			defaultConfigurationIsVisible = 0;
			defaultConfigurationName = Release;
		};
		0654C7F1219B80FF000CF770 /* Build configuration list for PBXNativeTarget "xo_ios" */ = {
			isa = XCConfigurationList;
			buildConfigurations = (
				0654C7F2219B80FF000CF770 /* Debug */,
				0654C7F3219B80FF000CF770 /* Release */,
			);
			defaultConfigurationIsVisible = 0;
			defaultConfigurationName = Release;
		};
/* End XCConfigurationList section */
	};
	rootObject = 0654C7D7219B80FE000CF770 /* Project object */;
}
